
Microsoft Visual Studio Solution File, Format Version 12.00
# Visual Studio Version 16
VisualStudioVersion = 16.0.30523.141
MinimumVisualStudioVersion = 10.0.40219.1
Project("{FAE04EC0-301F-11D3-BF4B-00C04F79EFBC}") = "Python_Engine", "Python_Engine\Python_Engine.csproj", "{4A6B3805-35EE-4278-9701-CC1E0CD641F9}"
EndProject
Project("{FAE04EC0-301F-11D3-BF4B-00C04F79EFBC}") = "Python_oM", "Python_oM\Python_oM.csproj", "{3BF9F725-F1CA-432F-A549-557324CAFB91}"
EndProject
Global
	GlobalSection(SolutionConfigurationPlatforms) = preSolution
		Debug|Any CPU = Debug|Any CPU
		Release|Any CPU = Release|Any CPU
	EndGlobalSection
	GlobalSection(ProjectConfigurationPlatforms) = postSolution
		{4A6B3805-35EE-4278-9701-CC1E0CD641F9}.Debug|Any CPU.ActiveCfg = Debug|Any CPU
		{4A6B3805-35EE-4278-9701-CC1E0CD641F9}.Debug|Any CPU.Build.0 = Debug|Any CPU
		{4A6B3805-35EE-4278-9701-CC1E0CD641F9}.Release|Any CPU.ActiveCfg = Release|Any CPU
		{4A6B3805-35EE-4278-9701-CC1E0CD641F9}.Release|Any CPU.Build.0 = Release|Any CPU
		{3BF9F725-F1CA-432F-A549-557324CAFB91}.Debug|Any CPU.ActiveCfg = Debug|Any CPU
		{3BF9F725-F1CA-432F-A549-557324CAFB91}.Debug|Any CPU.Build.0 = Debug|Any CPU
		{3BF9F725-F1CA-432F-A549-557324CAFB91}.Release|Any CPU.ActiveCfg = Release|Any CPU
		{3BF9F725-F1CA-432F-A549-557324CAFB91}.Release|Any CPU.Build.0 = Release|Any CPU
	EndGlobalSection
	GlobalSection(SolutionProperties) = preSolution
		HideSolutionNode = FALSE
	EndGlobalSection
	GlobalSection(ExtensibilityGlobals) = postSolution
		SolutionGuid = {4BCEC933-2F5F-43F2-8EA3-E645581FD9D2}
	EndGlobalSection
EndGlobal
