
Microsoft Visual Studio Solution File, Format Version 12.00
# Visual Studio Version 17
VisualStudioVersion = 17.7.34202.233
MinimumVisualStudioVersion = 10.0.40219.1
Project("{FAE04EC0-301F-11D3-BF4B-00C04F79EFBC}") = "Python_oM", "Python_oM\Python_oM.csproj", "{6CACB513-53CC-427D-92EC-4C0C1B1172B9}"
EndProject
Project("{FAE04EC0-301F-11D3-BF4B-00C04F79EFBC}") = "Python_Engine", "Python_Engine\Python_Engine.csproj", "{D24A2970-618D-4149-B123-99F406D867D6}"
EndProject
Global
	GlobalSection(SolutionConfigurationPlatforms) = preSolution
		Debug|Any CPU = Debug|Any CPU
		Release|Any CPU = Release|Any CPU
	EndGlobalSection
	GlobalSection(ProjectConfigurationPlatforms) = postSolution
		{6CACB513-53CC-427D-92EC-4C0C1B1172B9}.Debug|Any CPU.ActiveCfg = Debug|Any CPU
		{6CACB513-53CC-427D-92EC-4C0C1B1172B9}.Debug|Any CPU.Build.0 = Debug|Any CPU
		{6CACB513-53CC-427D-92EC-4C0C1B1172B9}.Release|Any CPU.ActiveCfg = Release|Any CPU
		{6CACB513-53CC-427D-92EC-4C0C1B1172B9}.Release|Any CPU.Build.0 = Release|Any CPU
		{D24A2970-618D-4149-B123-99F406D867D6}.Debug|Any CPU.ActiveCfg = Debug|Any CPU
		{D24A2970-618D-4149-B123-99F406D867D6}.Debug|Any CPU.Build.0 = Debug|Any CPU
		{D24A2970-618D-4149-B123-99F406D867D6}.Release|Any CPU.ActiveCfg = Release|Any CPU
		{D24A2970-618D-4149-B123-99F406D867D6}.Release|Any CPU.Build.0 = Release|Any CPU
	EndGlobalSection
	GlobalSection(SolutionProperties) = preSolution
		HideSolutionNode = FALSE
	EndGlobalSection
	GlobalSection(ExtensibilityGlobals) = postSolution
		SolutionGuid = {4BCEC933-2F5F-43F2-8EA3-E645581FD9D2}
	EndGlobalSection
EndGlobal
